[[package]]
category = "dev"
description = "A thin, practical wrapper around terminal coloring, styling, and positioning"
name = "blessings"
optional = false
python-versions = ">=2.7, !=3.0.*, !=3.1.*, !=3.2.*, !=3.3.*"
version = "1.7"

[package.dependencies]
six = "*"

[[package]]
category = "dev"
description = "Fancy Interface to the Python Interpreter"
name = "bpython"
optional = false
python-versions = "*"
version = "0.17.1"

[package.dependencies]
curtsies = ">=0.1.18"
greenlet = "*"
pygments = "*"
requests = "*"
six = ">=1.5"

[[package]]
category = "dev"
description = "Python package for providing Mozilla's CA Bundle."
name = "certifi"
optional = false
python-versions = "*"
version = "2018.11.29"

[[package]]
category = "dev"
description = "Universal encoding detector for Python 2 and 3"
name = "chardet"
optional = false
python-versions = "*"
version = "3.0.4"

[[package]]
category = "dev"
description = "Curses-like terminal wrapper, with colored strings!"
name = "curtsies"
optional = false
python-versions = "*"
version = "0.3.0"

[package.dependencies]
blessings = ">=1.5"
typing = "*"
wcwidth = ">=0.1.4"

[[package]]
category = "dev"
description = "Lightweight in-process concurrent programming"
name = "greenlet"
optional = false
python-versions = "*"
version = "0.4.15"

[[package]]
category = "dev"
description = "Internationalized Domain Names in Applications (IDNA)"
name = "idna"
optional = false
python-versions = ">=2.7, !=3.0.*, !=3.1.*, !=3.2.*, !=3.3.*"
version = "2.8"

[[package]]
category = "dev"
description = "Pygments is a syntax highlighting package written in Python."
name = "pygments"
optional = false
python-versions = "*"
version = "2.3.1"

[[package]]
category = "dev"
description = "Python HTTP for Humans."
name = "requests"
optional = false
python-versions = ">=2.7, !=3.0.*, !=3.1.*, !=3.2.*, !=3.3.*"
version = "2.21.0"

[package.dependencies]
certifi = ">=2017.4.17"
chardet = ">=3.0.2,<3.1.0"
idna = ">=2.5,<2.9"
urllib3 = ">=1.21.1,<1.25"

[[package]]
category = "dev"
description = "Python 2 and 3 compatibility utilities"
name = "six"
optional = false
python-versions = ">=2.6, !=3.0.*, !=3.1.*"
version = "1.12.0"

[[package]]
category = "dev"
description = "Python Library for Tom's Obvious, Minimal Language"
name = "toml"
optional = false
python-versions = "*"
version = "0.10.0"

[[package]]
category = "dev"
description = "Style preserving TOML library"
name = "tomlkit"
optional = false
python-versions = ">=2.7, !=3.0.*, !=3.1.*, !=3.2.*, !=3.3.*"
version = "0.5.3"

[package.dependencies]
[package.dependencies.typing]
python = ">=2.7,<2.8 || >=3.4,<3.5"
version = ">=3.6,<4.0"

[[package]]
category = "dev"
description = "Type Hints for Python"
name = "typing"
optional = false
python-versions = "*"
version = "3.6.6"

[[package]]
category = "dev"
description = "HTTP library with thread-safe connection pooling, file post, and more."
name = "urllib3"
optional = false
python-versions = "*"
version = "1.22"

[[package]]
category = "dev"
description = "Measures number of Terminal column cells of wide-character codes"
name = "wcwidth"
optional = false
python-versions = "*"
version = "0.1.7"

[metadata]
content-hash = "477d8d3628f4d47115c7d8a9d667f93c4e512fe2469123496887f27ecf188fe3"
python-versions = ">=3.4"

[metadata.hashes]
blessings = ["98e5854d805f50a5b58ac2333411b0482516a8210f23f43308baeb58d77c157d", "b1fdd7e7a675295630f9ae71527a8ebc10bfefa236b3d6aa4932ee4462c17ba3", "caad5211e7ba5afe04367cdd4cfc68fa886e2e08f6f35e76b7387d2109ccea6e"]
bpython = ["6cd1b165888c232f2fcdd4313577b6066155d6c94b3d42c0f11649c000394417", "8907c510bca3c4d9bc0a157279bdc5e3b739cc68c0f247167279b6fe4becb02f"]
certifi = ["47f9c83ef4c0c621eaef743f133f09fa8a74a9b75f037e8624f83bd1b6626cb7", "993f830721089fef441cdfeb4b2c8c9df86f0c63239f06bd025a76a7daddb033"]
chardet = ["84ab92ed1c4d4f16916e05906b6b75a6c0fb5db821cc65e70cbd64a3e2a5eaae", "fc323ffcaeaed0e0a02bf4d117757b98aed530d9ed4531e3e15460124c106691"]
curtsies = ["89c802ec051d01dec6fc983e9856a3706e4ea8265d2940b1f6d504a9e26ed3a9"]
greenlet = ["000546ad01e6389e98626c1367be58efa613fa82a1be98b0c6fc24b563acc6d0", "0d48200bc50cbf498716712129eef819b1729339e34c3ae71656964dac907c28", "23d12eacffa9d0f290c0fe0c4e81ba6d5f3a5b7ac3c30a5eaf0126bf4deda5c8", "37c9ba82bd82eb6a23c2e5acc03055c0e45697253b2393c9a50cef76a3985304", "51503524dd6f152ab4ad1fbd168fc6c30b5795e8c70be4410a64940b3abb55c0", "8041e2de00e745c0e05a502d6e6db310db7faa7c979b3a5877123548a4c0b214", "81fcd96a275209ef117e9ec91f75c731fa18dcfd9ffaa1c0adbdaa3616a86043", "853da4f9563d982e4121fed8c92eea1a4594a2299037b3034c3c898cb8e933d6", "8b4572c334593d449113f9dc8d19b93b7b271bdbe90ba7509eb178923327b625", "9416443e219356e3c31f1f918a91badf2e37acf297e2fa13d24d1cc2380f8fbc", "9854f612e1b59ec66804931df5add3b2d5ef0067748ea29dc60f0efdcda9a638", "99a26afdb82ea83a265137a398f570402aa1f2b5dfb4ac3300c026931817b163", "a19bf883b3384957e4a4a13e6bd1ae3d85ae87f4beb5957e35b0be287f12f4e4", "a9f145660588187ff835c55a7d2ddf6abfc570c2651c276d3d4be8a2766db490", "ac57fcdcfb0b73bb3203b58a14501abb7e5ff9ea5e2edfa06bb03035f0cff248", "bcb530089ff24f6458a81ac3fa699e8c00194208a724b644ecc68422e1111939", "beeabe25c3b704f7d56b573f7d2ff88fc99f0138e43480cecdfcaa3b87fe4f87", "d634a7ea1fc3380ff96f9e44d8d22f38418c1c381d5fac680b272d7d90883720", "d97b0661e1aead761f0ded3b769044bb00ed5d33e1ec865e891a8b128bf7c656"]
idna = ["c357b3f628cf53ae2c4c05627ecc484553142ca23264e593d327bcde5e9c3407", "ea8b7f6188e6fa117537c3df7da9fc686d485087abf6ac197f9c46432f7e4a3c"]
pygments = ["5ffada19f6203563680669ee7f53b64dabbeb100eb51b61996085e99c03b284a", "e8218dd399a61674745138520d0d4cf2621d7e032439341bc3f647bff125818d"]
requests = ["502a824f31acdacb3a35b6690b5fbf0bc41d63a24a45c4004352b0242707598e", "7bf2a778576d825600030a110f3c0e3e8edc51dfaafe1c146e39a2027784957b"]
six = ["3350809f0555b11f552448330d0b52d5f24c91a322ea4a15ef22629740f3761c", "d16a0141ec1a18405cd4ce8b4613101da75da0e9a7aec5bdd4fa804d0e0eba73"]
toml = ["229f81c57791a41d65e399fc06bf0848bab550a9dfd5ed66df18ce5f05e73d5c", "235682dd292d5899d361a811df37e04a8828a5b1da3115886b73cf81ebc9100e", "f1db651f9657708513243e61e6cc67d101a39bad662eaa9b5546f789338e07a3"]
tomlkit = ["d6506342615d051bc961f70bfcfa3d29b6616cc08a3ddfd4bc24196f16fd4ec2", "f077456d35303e7908cc233b340f71e0bec96f63429997f38ca9272b7d64029e"]
typing = ["4027c5f6127a6267a435201981ba156de91ad0d1d98e9ddc2aa173453453492d", "57dcf675a99b74d64dacf6fba08fb17cf7e3d5fdff53d4a30ea2a5e7e52543d4", "a4c8473ce11a65999c8f59cb093e70686b6c84c98df58c1dae9b3b196089858a"]
urllib3 = ["06330f386d6e4b195fbfc736b297f58c5a892e4440e54d294d7004e3a9bbea1b", "cc44da8e1145637334317feebd728bd869a35285b93cbb4cca2577da7e62db4f"]
wcwidth = ["3df37372226d6e63e1b1e1eda15c594bca98a22d33a23832a90998faa96bc65e", "f4ebe71925af7b40a864553f761ed559b43544f8f71746c2d756c7fe788ade7c"]
